PODS:
  - Flutter (1.0.0)
  - integration_test (0.0.1):
    - Flutter
  - video_camera (0.0.1):
    - Flutter

DEPENDENCIES:
  - Flutter (from `Flutter`)
  - integration_test (from `.symlinks/plugins/integration_test/ios`)
  - video_camera (from `.symlinks/plugins/video_camera/ios`)

EXTERNAL SOURCES:
  Flutter:
    :path: Flutter
  integration_test:
    :path: ".symlinks/plugins/integration_test/ios"
  video_camera:
    :path: ".symlinks/plugins/video_camera/ios"

SPEC CHECKSUMS:
  Flutter: f04841e97a9d0b0a8025694d0796dd46242b2854
  integration_test: 13825b8a9334a850581300559b8839134b124670
  video_camera: b9999b177f0aba707368dfc21cb8263857c9d52c

PODFILE CHECKSUM: 205c1762bcd01ad9efab3083dbeb5e5297eb16f2

COCOAPODS: 1.12.1
